// !$*UTF8*$!
{
	archiveVersion = 1;
	classes = {
	};
	objectVersion = 48;
	objects = {

/* Begin PBXBuildFile section */
		37022F1D204C7ED600763FF6 /* CategoryViewController.swift in Sources */ = {isa = PBXBuildFile; fileRef = 37022F1C204C7ED600763FF6 /* CategoryViewController.swift */; };
		3782DBD6203884C300E71071 /* AppDelegate.swift in Sources */ = {isa = PBXBuildFile; fileRef = 3782DBD5203884C300E71071 /* AppDelegate.swift */; };
		3782DBD8203884C300E71071 /* TodoListViewController.swift in Sources */ = {isa = PBXBuildFile; fileRef = 3782DBD7203884C300E71071 /* TodoListViewController.swift */; };
		3782DBDB203884C300E71071 /* Main.storyboard in Resources */ = {isa = PBXBuildFile; fileRef = 3782DBD9203884C300E71071 /* Main.storyboard */; };
		3782DBDD203884C300E71071 /* Assets.xcassets in Resources */ = {isa = PBXBuildFile; fileRef = 3782DBDC203884C300E71071 /* Assets.xcassets */; };
		3782DBE0203884C300E71071 /* LaunchScreen.storyboard in Resources */ = {isa = PBXBuildFile; fileRef = 3782DBDE203884C300E71071 /* LaunchScreen.storyboard */; };
		379D3CB3204C6E490066A3B1 /* Item.swift in Sources */ = {isa = PBXBuildFile; fileRef = 379D3CB2204C6E490066A3B1 /* Item.swift */; };
		379D3CB5204C6E710066A3B1 /* Category.swift in Sources */ = {isa = PBXBuildFile; fileRef = 379D3CB4204C6E710066A3B1 /* Category.swift */; };
		95A5655B5C52F9E0182B87AC /* Pods_Todoey.framework in Frameworks */ = {isa = PBXBuildFile; fileRef = 7CBB729EB60B1BD0A1B66951 /* Pods_Todoey.framework */; };
/* End PBXBuildFile section */

/* Begin PBXFileReference section */
		37022F1C204C7ED600763FF6 /* CategoryViewController.swift */ = {isa = PBXFileReference; lastKnownFileType = sourcecode.swift; path = CategoryViewController.swift; sourceTree = "<group>"; };
		3782DBD2203884C300E71071 /* Todoey.app */ = {isa = PBXFileReference; explicitFileType = wrapper.application; includeInIndex = 0; path = Todoey.app; sourceTree = BUILT_PRODUCTS_DIR; };
		3782DBD5203884C300E71071 /* AppDelegate.swift */ = {isa = PBXFileReference; lastKnownFileType = sourcecode.swift; path = AppDelegate.swift; sourceTree = "<group>"; };
		3782DBD7203884C300E71071 /* TodoListViewController.swift */ = {isa = PBXFileReference; lastKnownFileType = sourcecode.swift; path = TodoListViewController.swift; sourceTree = "<group>"; };
		3782DBDA203884C300E71071 /* Base */ = {isa = PBXFileReference; lastKnownFileType = file.storyboard; name = Base; path = Base.lproj/Main.storyboard; sourceTree = "<group>"; };
		3782DBDC203884C300E71071 /* Assets.xcassets */ = {isa = PBXFileReference; lastKnownFileType = folder.assetcatalog; path = Assets.xcassets; sourceTree = "<group>"; };
		3782DBDF203884C300E71071 /* Base */ = {isa = PBXFileReference; lastKnownFileType = file.storyboard; name = Base; path = Base.lproj/LaunchScreen.storyboard; sourceTree = "<group>"; };
		3782DBE1203884C300E71071 /* Info.plist */ = {isa = PBXFileReference; lastKnownFileType = text.plist.xml; path = Info.plist; sourceTree = "<group>"; };
		379D3CB2204C6E490066A3B1 /* Item.swift */ = {isa = PBXFileReference; lastKnownFileType = sourcecode.swift; path = Item.swift; sourceTree = "<group>"; };
		379D3CB4204C6E710066A3B1 /* Category.swift */ = {isa = PBXFileReference; lastKnownFileType = sourcecode.swift; path = Category.swift; sourceTree = "<group>"; };
		6D130388D949D5F485EF37AC /* Pods-Todoey.release.xcconfig */ = {isa = PBXFileReference; includeInIndex = 1; lastKnownFileType = text.xcconfig; name = "Pods-Todoey.release.xcconfig"; path = "Pods/Target Support Files/Pods-Todoey/Pods-Todoey.release.xcconfig"; sourceTree = "<group>"; };
		7CBB729EB60B1BD0A1B66951 /* Pods_Todoey.framework */ = {isa = PBXFileReference; explicitFileType = wrapper.framework; includeInIndex = 0; path = Pods_Todoey.framework; sourceTree = BUILT_PRODUCTS_DIR; };
		7E589F8F381C3DC0A8D9BEFE /* Pods-Todoey.debug.xcconfig */ = {isa = PBXFileReference; includeInIndex = 1; lastKnownFileType = text.xcconfig; name = "Pods-Todoey.debug.xcconfig"; path = "Pods/Target Support Files/Pods-Todoey/Pods-Todoey.debug.xcconfig"; sourceTree = "<group>"; };
/* End PBXFileReference section */

/* Begin PBXFrameworksBuildPhase section */
		3782DBCF203884C300E71071 /* Frameworks */ = {
			isa = PBXFrameworksBuildPhase;
			buildActionMask = 2147483647;
			files = (
				95A5655B5C52F9E0182B87AC /* Pods_Todoey.framework in Frameworks */,
			);
			runOnlyForDeploymentPostprocessing = 0;
		};
/* End PBXFrameworksBuildPhase section */

/* Begin PBXGroup section */
		001560CD1B11F2E4DAC84863 /* Pods */ = {
			isa = PBXGroup;
			children = (
				7E589F8F381C3DC0A8D9BEFE /* Pods-Todoey.debug.xcconfig */,
				6D130388D949D5F485EF37AC /* Pods-Todoey.release.xcconfig */,
			);
			name = Pods;
			sourceTree = "<group>";
		};
		3782DBC9203884C300E71071 = {
			isa = PBXGroup;
			children = (
				3782DBD4203884C300E71071 /* Todoey */,
				3782DBD3203884C300E71071 /* Products */,
				001560CD1B11F2E4DAC84863 /* Pods */,
				93D9A3113288F51AF1F7AE61 /* Frameworks */,
			);
			sourceTree = "<group>";
		};
		3782DBD3203884C300E71071 /* Products */ = {
			isa = PBXGroup;
			children = (
				3782DBD2203884C300E71071 /* Todoey.app */,
			);
			name = Products;
			sourceTree = "<group>";
		};
		3782DBD4203884C300E71071 /* Todoey */ = {
			isa = PBXGroup;
			children = (
				3782DBD5203884C300E71071 /* AppDelegate.swift */,
				3782DBEA2039B62400E71071 /* Controller */,
				3782DBE92039B5FC00E71071 /* Model */,
				3782DBEB2039B62D00E71071 /* Views */,
				3782DBDC203884C300E71071 /* Assets.xcassets */,
				3782DBDE203884C300E71071 /* LaunchScreen.storyboard */,
				3782DBE1203884C300E71071 /* Info.plist */,
			);
			path = Todoey;
			sourceTree = "<group>";
		};
		3782DBE92039B5FC00E71071 /* Model */ = {
			isa = PBXGroup;
			children = (
				379D3CB4204C6E710066A3B1 /* Category.swift */,
				379D3CB2204C6E490066A3B1 /* Item.swift */,
			);
			path = Model;
			sourceTree = "<group>";
		};
		3782DBEA2039B62400E71071 /* Controller */ = {
			isa = PBXGroup;
			children = (
				37022F1C204C7ED600763FF6 /* CategoryViewController.swift */,
				3782DBD7203884C300E71071 /* TodoListViewController.swift */,
			);
			path = Controller;
			sourceTree = "<group>";
		};
		3782DBEB2039B62D00E71071 /* Views */ = {
			isa = PBXGroup;
			children = (
				3782DBD9203884C300E71071 /* Main.storyboard */,
			);
			path = Views;
			sourceTree = "<group>";
		};
		93D9A3113288F51AF1F7AE61 /* Frameworks */ = {
			isa = PBXGroup;
			children = (
				7CBB729EB60B1BD0A1B66951 /* Pods_Todoey.framework */,
			);
			name = Frameworks;
			sourceTree = "<group>";
		};
/* End PBXGroup section */

/* Begin PBXNativeTarget section */
		3782DBD1203884C300E71071 /* Todoey */ = {
			isa = PBXNativeTarget;
			buildConfigurationList = 3782DBE4203884C300E71071 /* Build configuration list for PBXNativeTarget "Todoey" */;
			buildPhases = (
				29624250CFEFA15BDFCB05FE /* [CP] Check Pods Manifest.lock */,
				3782DBCE203884C300E71071 /* Sources */,
				3782DBCF203884C300E71071 /* Frameworks */,
				3782DBD0203884C300E71071 /* Resources */,
				AC8F3816B75FFCD9C7087CED /* [CP] Embed Pods Frameworks */,
				F3B6336411AA84FF01CE71CC /* [CP] Copy Pods Resources */,
			);
			buildRules = (
			);
			dependencies = (
			);
			name = Todoey;
			productName = Todoey;
			productReference = 3782DBD2203884C300E71071 /* Todoey.app */;
			productType = "com.apple.product-type.application";
		};
/* End PBXNativeTarget section */

/* Begin PBXProject section */
		3782DBCA203884C300E71071 /* Project object */ = {
			isa = PBXProject;
			attributes = {
				LastSwiftUpdateCheck = 0920;
				LastUpgradeCheck = 0920;
				ORGANIZATIONNAME = badal;
				TargetAttributes = {
					3782DBD1203884C300E71071 = {
						CreatedOnToolsVersion = 9.2;
						ProvisioningStyle = Automatic;
					};
				};
			};
			buildConfigurationList = 3782DBCD203884C300E71071 /* Build configuration list for PBXProject "Todoey" */;
			compatibilityVersion = "Xcode 8.0";
			developmentRegion = en;
			hasScannedForEncodings = 0;
			knownRegions = (
				en,
				Base,
			);
			mainGroup = 3782DBC9203884C300E71071;
			productRefGroup = 3782DBD3203884C300E71071 /* Products */;
			projectDirPath = "";
			projectRoot = "";
			targets = (
				3782DBD1203884C300E71071 /* Todoey */,
			);
		};
/* End PBXProject section */

/* Begin PBXResourcesBuildPhase section */
		3782DBD0203884C300E71071 /* Resources */ = {
			isa = PBXResourcesBuildPhase;
			buildActionMask = 2147483647;
			files = (
				3782DBE0203884C300E71071 /* LaunchScreen.storyboard in Resources */,
				3782DBDD203884C300E71071 /* Assets.xcassets in Resources */,
				3782DBDB203884C300E71071 /* Main.storyboard in Resources */,
			);
			runOnlyForDeploymentPostprocessing = 0;
		};
/* End PBXResourcesBuildPhase section */

/* Begin PBXShellScriptBuildPhase section */
		29624250CFEFA15BDFCB05FE /* [CP] Check Pods Manifest.lock */ = {
			isa = PBXShellScriptBuildPhase;
			buildActionMask = 2147483647;
			files = (
			);
			inputPaths = (
				"${PODS_PODFILE_DIR_PATH}/Podfile.lock",
				"${PODS_ROOT}/Manifest.lock",
			);
			name = "[CP] Check Pods Manifest.lock";
			outputPaths = (
				"$(DERIVED_FILE_DIR)/Pods-Todoey-checkManifestLockResult.txt",
			);
			runOnlyForDeploymentPostprocessing = 0;
			shellPath = /bin/sh;
			shellScript = "diff \"${PODS_PODFILE_DIR_PATH}/Podfile.lock\" \"${PODS_ROOT}/Manifest.lock\" > /dev/null\nif [ $? != 0 ] ; then\n    # print error to STDERR\n    echo \"error: The sandbox is not in sync with the Podfile.lock. Run 'pod install' or update your CocoaPods installation.\" >&2\n    exit 1\nfi\n# This output is used by Xcode 'outputs' to avoid re-running this script phase.\necho \"SUCCESS\" > \"${SCRIPT_OUTPUT_FILE_0}\"\n";
			showEnvVarsInLog = 0;
		};
		AC8F3816B75FFCD9C7087CED /* [CP] Embed Pods Frameworks */ = {
			isa = PBXShellScriptBuildPhase;
			buildActionMask = 2147483647;
			files = (
			);
			inputPaths = (
				"${SRCROOT}/Pods/Target Support Files/Pods-Todoey/Pods-Todoey-frameworks.sh",
				"${BUILT_PRODUCTS_DIR}/Realm/Realm.framework",
				"${BUILT_PRODUCTS_DIR}/RealmSwift/RealmSwift.framework",
			);
			name = "[CP] Embed Pods Frameworks";
			outputPaths = (
				"${TARGET_BUILD_DIR}/${FRAMEWORKS_FOLDER_PATH}/Realm.framework",
				"${TARGET_BUILD_DIR}/${FRAMEWORKS_FOLDER_PATH}/RealmSwift.framework",
			);
			runOnlyForDeploymentPostprocessing = 0;
			shellPath = /bin/sh;
			shellScript = "\"${SRCROOT}/Pods/Target Support Files/Pods-Todoey/Pods-Todoey-frameworks.sh\"\n";
			showEnvVarsInLog = 0;
		};
		F3B6336411AA84FF01CE71CC /* [CP] Copy Pods Resources */ = {
			isa = PBXShellScriptBuildPhase;
			buildActionMask = 2147483647;
			files = (
			);
			inputPaths = (
			);
			name = "[CP] Copy Pods Resources";
			outputPaths = (
			);
			runOnlyForDeploymentPostprocessing = 0;
			shellPath = /bin/sh;
			shellScript = "\"${SRCROOT}/Pods/Target Support Files/Pods-Todoey/Pods-Todoey-resources.sh\"\n";
			showEnvVarsInLog = 0;
		};
/* End PBXShellScriptBuildPhase section */

/* Begin PBXSourcesBuildPhase section */
		3782DBCE203884C300E71071 /* Sources */ = {
			isa = PBXSourcesBuildPhase;
			buildActionMask = 2147483647;
			files = (
				37022F1D204C7ED600763FF6 /* CategoryViewController.swift in Sources */,
				379D3CB3204C6E490066A3B1 /* Item.swift in Sources */,
				379D3CB5204C6E710066A3B1 /* Category.swift in Sources */,
				3782DBD8203884C300E71071 /* TodoListViewController.swift in Sources */,
				3782DBD6203884C300E71071 /* AppDelegate.swift in Sources */,
			);
			runOnlyForDeploymentPostprocessing = 0;
		};
/* End PBXSourcesBuildPhase section */

/* Begin PBXVariantGroup section */
		3782DBD9203884C300E71071 /* Main.storyboard */ = {
			isa = PBXVariantGroup;
			children = (
				3782DBDA203884C300E71071 /* Base */,
			);
			name = Main.storyboard;
			sourceTree = "<group>";
		};
		3782DBDE203884C300E71071 /* LaunchScreen.storyboard */ = {
			isa = PBXVariantGroup;
			children = (
				3782DBDF203884C300E71071 /* Base */,
			);
			name = LaunchScreen.storyboard;
			sourceTree = "<group>";
		};
/* End PBXVariantGroup section */

/* Begin XCBuildConfiguration section */
		3782DBE2203884C300E71071 /* Debug */ = {
			isa = XCBuildConfiguration;
			buildSettings = {
				ALWAYS_SEARCH_USER_PATHS = NO;
				CLANG_ANALYZER_NONNULL = YES;
				CLANG_ANALYZER_NUMBER_OBJECT_CONVERSION = YES_AGGRESSIVE;
				CLANG_CXX_LANGUAGE_STANDARD = "gnu++14";
				CLANG_CXX_LIBRARY = "libc++";
				CLANG_ENABLE_MODULES = YES;
				CLANG_ENABLE_OBJC_ARC = YES;
				CLANG_WARN_BLOCK_CAPTURE_AUTORELEASING = YES;
				CLANG_WARN_BOOL_CONVERSION = YES;
				CLANG_WARN_COMMA = YES;
				CLANG_WARN_CONSTANT_CONVERSION = YES;
				CLANG_WARN_DIRECT_OBJC_ISA_USAGE = YES_ERROR;
				CLANG_WARN_DOCUMENTATION_COMMENTS = YES;
				CLANG_WARN_EMPTY_BODY = YES;
				CLANG_WARN_ENUM_CONVERSION = YES;
				CLANG_WARN_INFINITE_RECURSION = YES;
				CLANG_WARN_INT_CONVERSION = YES;
				CLANG_WARN_NON_LITERAL_NULL_CONVERSION = YES;
				CLANG_WARN_OBJC_LITERAL_CONVERSION = YES;
				CLANG_WARN_OBJC_ROOT_CLASS = YES_ERROR;
				CLANG_WARN_RANGE_LOOP_ANALYSIS = YES;
				CLANG_WARN_STRICT_PROTOTYPES = YES;
				CLANG_WARN_SUSPICIOUS_MOVE = YES;
				CLANG_WARN_UNGUARDED_AVAILABILITY = YES_AGGRESSIVE;
				CLANG_WARN_UNREACHABLE_CODE = YES;
				CLANG_WARN__DUPLICATE_METHOD_MATCH = YES;
				CODE_SIGN_IDENTITY = "iPhone Developer";
				COPY_PHASE_STRIP = NO;
				DEBUG_INFORMATION_FORMAT = dwarf;
				ENABLE_STRICT_OBJC_MSGSEND = YES;
				ENABLE_TESTABILITY = YES;
				GCC_C_LANGUAGE_STANDARD = gnu11;
				GCC_DYNAMIC_NO_PIC = NO;
				GCC_NO_COMMON_BLOCKS = YES;
				GCC_OPTIMIZATION_LEVEL = 0;
				GCC_PREPROCESSOR_DEFINITIONS = (
					"DEBUG=1",
					"$(inherited)",
				);
				GCC_WARN_64_TO_32_BIT_CONVERSION = YES;
				GCC_WARN_ABOUT_RETURN_TYPE = YES_ERROR;
				GCC_WARN_UNDECLARED_SELECTOR = YES;
				GCC_WARN_UNINITIALIZED_AUTOS = YES_AGGRESSIVE;
				GCC_WARN_UNUSED_FUNCTION = YES;
				GCC_WARN_UNUSED_VARIABLE = YES;
				IPHONEOS_DEPLOYMENT_TARGET = 11.2;
				MTL_ENABLE_DEBUG_INFO = YES;
				ONLY_ACTIVE_ARCH = YES;
				SDKROOT = iphoneos;
				SWIFT_ACTIVE_COMPILATION_CONDITIONS = DEBUG;
				SWIFT_OPTIMIZATION_LEVEL = "-Onone";
			};
			name = Debug;
		};
		3782DBE3203884C300E71071 /* Release */ = {
			isa = XCBuildConfiguration;
			buildSettings = {
				ALWAYS_SEARCH_USER_PATHS = NO;
				CLANG_ANALYZER_NONNULL = YES;
				CLANG_ANALYZER_NUMBER_OBJECT_CONVERSION = YES_AGGRESSIVE;
				CLANG_CXX_LANGUAGE_STANDARD = "gnu++14";
				CLANG_CXX_LIBRARY = "libc++";
				CLANG_ENABLE_MODULES = YES;
				CLANG_ENABLE_OBJC_ARC = YES;
				CLANG_WARN_BLOCK_CAPTURE_AUTORELEASING = YES;
				CLANG_WARN_BOOL_CONVERSION = YES;
				CLANG_WARN_COMMA = YES;
				CLANG_WARN_CONSTANT_CONVERSION = YES;
				CLANG_WARN_DIRECT_OBJC_ISA_USAGE = YES_ERROR;
				CLANG_WARN_DOCUMENTATION_COMMENTS = YES;
				CLANG_WARN_EMPTY_BODY = YES;
				CLANG_WARN_ENUM_CONVERSION = YES;
				CLANG_WARN_INFINITE_RECURSION = YES;
				CLANG_WARN_INT_CONVERSION = YES;
				CLANG_WARN_NON_LITERAL_NULL_CONVERSION = YES;
				CLANG_WARN_OBJC_LITERAL_CONVERSION = YES;
				CLANG_WARN_OBJC_ROOT_CLASS = YES_ERROR;
				CLANG_WARN_RANGE_LOOP_ANALYSIS = YES;
				CLANG_WARN_STRICT_PROTOTYPES = YES;
				CLANG_WARN_SUSPICIOUS_MOVE = YES;
				CLANG_WARN_UNGUARDED_AVAILABILITY = YES_AGGRESSIVE;
				CLANG_WARN_UNREACHABLE_CODE = YES;
				CLANG_WARN__DUPLICATE_METHOD_MATCH = YES;
				CODE_SIGN_IDENTITY = "iPhone Developer";
				COPY_PHASE_STRIP = NO;
				DEBUG_INFORMATION_FORMAT = "dwarf-with-dsym";
				ENABLE_NS_ASSERTIONS = NO;
				ENABLE_STRICT_OBJC_MSGSEND = YES;
				GCC_C_LANGUAGE_STANDARD = gnu11;
				GCC_NO_COMMON_BLOCKS = YES;
				GCC_WARN_64_TO_32_BIT_CONVERSION = YES;
				GCC_WARN_ABOUT_RETURN_TYPE = YES_ERROR;
				GCC_WARN_UNDECLARED_SELECTOR = YES;
				GCC_WARN_UNINITIALIZED_AUTOS = YES_AGGRESSIVE;
				GCC_WARN_UNUSED_FUNCTION = YES;
				GCC_WARN_UNUSED_VARIABLE = YES;
				IPHONEOS_DEPLOYMENT_TARGET = 11.2;
				MTL_ENABLE_DEBUG_INFO = NO;
				SDKROOT = iphoneos;
				SWIFT_OPTIMIZATION_LEVEL = "-Owholemodule";
				VALIDATE_PRODUCT = YES;
			};
			name = Release;
		};
		3782DBE5203884C300E71071 /* Debug */ = {
			isa = XCBuildConfiguration;
			baseConfigurationReference = 7E589F8F381C3DC0A8D9BEFE /* Pods-Todoey.debug.xcconfig */;
			buildSettings = {
				ASSETCATALOG_COMPILER_APPICON_NAME = AppIcon;
				CODE_SIGN_STYLE = Automatic;
				DEVELOPMENT_TEAM = 933A44BZ62;
				INFOPLIST_FILE = Todoey/Info.plist;
				IPHONEOS_DEPLOYMENT_TARGET = 9.0;
				LD_RUNPATH_SEARCH_PATHS = "$(inherited) @executable_path/Frameworks";
				PRODUCT_BUNDLE_IDENTIFIER = com.badal.Todoey;
				PRODUCT_NAME = "$(TARGET_NAME)";
				SWIFT_VERSION = 4.0;
				TARGETED_DEVICE_FAMILY = "1,2";
			};
			name = Debug;
		};
		3782DBE6203884C300E71071 /* Release */ = {
			isa = XCBuildConfiguration;
			baseConfigurationReference = 6D130388D949D5F485EF37AC /* Pods-Todoey.release.xcconfig */;
			buildSettings = {
				ASSETCATALOG_COMPILER_APPICON_NAME = AppIcon;
				CODE_SIGN_STYLE = Automatic;
				DEVELOPMENT_TEAM = 933A44BZ62;
				INFOPLIST_FILE = Todoey/Info.plist;
				IPHONEOS_DEPLOYMENT_TARGET = 9.0;
				LD_RUNPATH_SEARCH_PATHS = "$(inherited) @executable_path/Frameworks";
				PRODUCT_BUNDLE_IDENTIFIER = com.badal.Todoey;
				PRODUCT_NAME = "$(TARGET_NAME)";
				SWIFT_VERSION = 4.0;
				TARGETED_DEVICE_FAMILY = "1,2";
			};
			name = Release;
		};
/* End XCBuildConfiguration section */

/* Begin XCConfigurationList section */
		3782DBCD203884C300E71071 /* Build configuration list for PBXProject "Todoey" */ = {
			isa = XCConfigurationList;
			buildConfigurations = (
				3782DBE2203884C300E71071 /* Debug */,
				3782DBE3203884C300E71071 /* Release */,
			);
			defaultConfigurationIsVisible = 0;
			defaultConfigurationName = Release;
		};
		3782DBE4203884C300E71071 /* Build configuration list for PBXNativeTarget "Todoey" */ = {
			isa = XCConfigurationList;
			buildConfigurations = (
				3782DBE5203884C300E71071 /* Debug */,
				3782DBE6203884C300E71071 /* Release */,
			);
			defaultConfigurationIsVisible = 0;
			defaultConfigurationName = Release;
		};
/* End XCConfigurationList section */
	};
	rootObject = 3782DBCA203884C300E71071 /* Project object */;
}
